
Microsoft Visual Studio Solution File, Format Version 12.00
# Visual Studio Version 16
VisualStudioVersion = 16.0.30114.105
MinimumVisualStudioVersion = 10.0.40219.1
Project("{2150E333-8FDC-42A3-9474-1A3956D46DE8}") = "src", "src", "{C5B303DF-87DB-4835-AED9-9CACF543A0F4}"
EndProject
Project("{FAE04EC0-301F-11D3-BF4B-00C04F79EFBC}") = "Phx.Inject", "src\Phx.Inject\Phx.Inject.csproj", "{EB8ADAF7-A901-46D9-8226-6925A45B0BE5}"
EndProject
Project("{FAE04EC0-301F-11D3-BF4B-00C04F79EFBC}") = "Phx.Inject.Generator", "src\Phx.Inject.Generator\Phx.Inject.Generator.csproj", "{34DDF258-9F3F-4FDA-B887-BA1B3586284A}"
EndProject
Project("{FAE04EC0-301F-11D3-BF4B-00C04F79EFBC}") = "Phx.Inject.Tests", "src\Phx.Inject.Tests\Phx.Inject.Tests.csproj", "{0EF5577B-56FE-4245-A52E-233C4D45D397}"
EndProject
Project("{FAE04EC0-301F-11D3-BF4B-00C04F79EFBC}") = "Phx.Inject.Generator.Tests", "src\Phx.Inject.Generator.Tests\Phx.Inject.Generator.Tests.csproj", "{0692EE18-FF68-4DE3-97FC-A63640D7D0D5}"
EndProject
Project("{FAE04EC0-301F-11D3-BF4B-00C04F79EFBC}") = "Phx.Inject.Generator.Legacy", "src\Phx.Inject.Generator.Legacy\Phx.Inject.Generator.Legacy.csproj", "{C73C68D2-AD38-44F9-AA1C-1EF4F7C94255}"
EndProject
Project("{FAE04EC0-301F-11D3-BF4B-00C04F79EFBC}") = "Phx.Inject.Generator.Tests.Legacy", "src\Phx.Inject.Generator.Tests.Legacy\Phx.Inject.Generator.Tests.Legacy.csproj", "{0137432B-A644-4CE1-9C06-44B790CD353B}"
EndProject
Project("{FAE04EC0-301F-11D3-BF4B-00C04F79EFBC}") = "Phx.Inject.Tests.Legacy", "src\Phx.Inject.Tests.Legacy\Phx.Inject.Tests.Legacy.csproj", "{BE109B3D-4132-4E8A-A0E4-30EE8B6B15CF}"
EndProject
Global
	GlobalSection(SolutionConfigurationPlatforms) = preSolution
		Debug|Any CPU = Debug|Any CPU
		Debug|x64 = Debug|x64
		Debug|x86 = Debug|x86
		Release|Any CPU = Release|Any CPU
		Release|x64 = Release|x64
		Release|x86 = Release|x86
	EndGlobalSection
	GlobalSection(ProjectConfigurationPlatforms) = postSolution
		{EB8ADAF7-A901-46D9-8226-6925A45B0BE5}.Debug|Any CPU.ActiveCfg = Debug|Any CPU
		{EB8ADAF7-A901-46D9-8226-6925A45B0BE5}.Debug|Any CPU.Build.0 = Debug|Any CPU
		{EB8ADAF7-A901-46D9-8226-6925A45B0BE5}.Debug|x64.ActiveCfg = Debug|Any CPU
		{EB8ADAF7-A901-46D9-8226-6925A45B0BE5}.Debug|x64.Build.0 = Debug|Any CPU
		{EB8ADAF7-A901-46D9-8226-6925A45B0BE5}.Debug|x86.ActiveCfg = Debug|Any CPU
		{EB8ADAF7-A901-46D9-8226-6925A45B0BE5}.Debug|x86.Build.0 = Debug|Any CPU
		{EB8ADAF7-A901-46D9-8226-6925A45B0BE5}.Release|Any CPU.ActiveCfg = Release|Any CPU
		{EB8ADAF7-A901-46D9-8226-6925A45B0BE5}.Release|Any CPU.Build.0 = Release|Any CPU
		{EB8ADAF7-A901-46D9-8226-6925A45B0BE5}.Release|x64.ActiveCfg = Release|Any CPU
		{EB8ADAF7-A901-46D9-8226-6925A45B0BE5}.Release|x64.Build.0 = Release|Any CPU
		{EB8ADAF7-A901-46D9-8226-6925A45B0BE5}.Release|x86.ActiveCfg = Release|Any CPU
		{EB8ADAF7-A901-46D9-8226-6925A45B0BE5}.Release|x86.Build.0 = Release|Any CPU
		{34DDF258-9F3F-4FDA-B887-BA1B3586284A}.Debug|Any CPU.ActiveCfg = Debug|Any CPU
		{34DDF258-9F3F-4FDA-B887-BA1B3586284A}.Debug|Any CPU.Build.0 = Debug|Any CPU
		{34DDF258-9F3F-4FDA-B887-BA1B3586284A}.Debug|x64.ActiveCfg = Debug|Any CPU
		{34DDF258-9F3F-4FDA-B887-BA1B3586284A}.Debug|x64.Build.0 = Debug|Any CPU
		{34DDF258-9F3F-4FDA-B887-BA1B3586284A}.Debug|x86.ActiveCfg = Debug|Any CPU
		{34DDF258-9F3F-4FDA-B887-BA1B3586284A}.Debug|x86.Build.0 = Debug|Any CPU
		{34DDF258-9F3F-4FDA-B887-BA1B3586284A}.Release|Any CPU.ActiveCfg = Release|Any CPU
		{34DDF258-9F3F-4FDA-B887-BA1B3586284A}.Release|Any CPU.Build.0 = Release|Any CPU
		{34DDF258-9F3F-4FDA-B887-BA1B3586284A}.Release|x64.ActiveCfg = Release|Any CPU
		{34DDF258-9F3F-4FDA-B887-BA1B3586284A}.Release|x64.Build.0 = Release|Any CPU
		{34DDF258-9F3F-4FDA-B887-BA1B3586284A}.Release|x86.ActiveCfg = Release|Any CPU
		{34DDF258-9F3F-4FDA-B887-BA1B3586284A}.Release|x86.Build.0 = Release|Any CPU
		{0EF5577B-56FE-4245-A52E-233C4D45D397}.Debug|Any CPU.ActiveCfg = Debug|Any CPU
		{0EF5577B-56FE-4245-A52E-233C4D45D397}.Debug|Any CPU.Build.0 = Debug|Any CPU
		{0EF5577B-56FE-4245-A52E-233C4D45D397}.Debug|x64.ActiveCfg = Debug|Any CPU
		{0EF5577B-56FE-4245-A52E-233C4D45D397}.Debug|x64.Build.0 = Debug|Any CPU
		{0EF5577B-56FE-4245-A52E-233C4D45D397}.Debug|x86.ActiveCfg = Debug|Any CPU
		{0EF5577B-56FE-4245-A52E-233C4D45D397}.Debug|x86.Build.0 = Debug|Any CPU
		{0EF5577B-56FE-4245-A52E-233C4D45D397}.Release|Any CPU.ActiveCfg = Release|Any CPU
		{0EF5577B-56FE-4245-A52E-233C4D45D397}.Release|Any CPU.Build.0 = Release|Any CPU
		{0EF5577B-56FE-4245-A52E-233C4D45D397}.Release|x64.ActiveCfg = Release|Any CPU
		{0EF5577B-56FE-4245-A52E-233C4D45D397}.Release|x64.Build.0 = Release|Any CPU
		{0EF5577B-56FE-4245-A52E-233C4D45D397}.Release|x86.ActiveCfg = Release|Any CPU
		{0EF5577B-56FE-4245-A52E-233C4D45D397}.Release|x86.Build.0 = Release|Any CPU
		{0692EE18-FF68-4DE3-97FC-A63640D7D0D5}.Debug|Any CPU.ActiveCfg = Debug|Any CPU
		{0692EE18-FF68-4DE3-97FC-A63640D7D0D5}.Debug|Any CPU.Build.0 = Debug|Any CPU
		{0692EE18-FF68-4DE3-97FC-A63640D7D0D5}.Debug|x64.ActiveCfg = Debug|Any CPU
		{0692EE18-FF68-4DE3-97FC-A63640D7D0D5}.Debug|x64.Build.0 = Debug|Any CPU
		{0692EE18-FF68-4DE3-97FC-A63640D7D0D5}.Debug|x86.ActiveCfg = Debug|Any CPU
		{0692EE18-FF68-4DE3-97FC-A63640D7D0D5}.Debug|x86.Build.0 = Debug|Any CPU
		{0692EE18-FF68-4DE3-97FC-A63640D7D0D5}.Release|Any CPU.ActiveCfg = Release|Any CPU
		{0692EE18-FF68-4DE3-97FC-A63640D7D0D5}.Release|Any CPU.Build.0 = Release|Any CPU
		{0692EE18-FF68-4DE3-97FC-A63640D7D0D5}.Release|x64.ActiveCfg = Release|Any CPU
		{0692EE18-FF68-4DE3-97FC-A63640D7D0D5}.Release|x64.Build.0 = Release|Any CPU
		{0692EE18-FF68-4DE3-97FC-A63640D7D0D5}.Release|x86.ActiveCfg = Release|Any CPU
		{0692EE18-FF68-4DE3-97FC-A63640D7D0D5}.Release|x86.Build.0 = Release|Any CPU
		{C73C68D2-AD38-44F9-AA1C-1EF4F7C94255}.Debug|Any CPU.ActiveCfg = Debug|Any CPU
		{C73C68D2-AD38-44F9-AA1C-1EF4F7C94255}.Debug|Any CPU.Build.0 = Debug|Any CPU
		{C73C68D2-AD38-44F9-AA1C-1EF4F7C94255}.Debug|x64.ActiveCfg = Debug|Any CPU
		{C73C68D2-AD38-44F9-AA1C-1EF4F7C94255}.Debug|x64.Build.0 = Debug|Any CPU
		{C73C68D2-AD38-44F9-AA1C-1EF4F7C94255}.Debug|x86.ActiveCfg = Debug|Any CPU
		{C73C68D2-AD38-44F9-AA1C-1EF4F7C94255}.Debug|x86.Build.0 = Debug|Any CPU
		{C73C68D2-AD38-44F9-AA1C-1EF4F7C94255}.Release|Any CPU.ActiveCfg = Release|Any CPU
		{C73C68D2-AD38-44F9-AA1C-1EF4F7C94255}.Release|Any CPU.Build.0 = Release|Any CPU
		{C73C68D2-AD38-44F9-AA1C-1EF4F7C94255}.Release|x64.ActiveCfg = Release|Any CPU
		{C73C68D2-AD38-44F9-AA1C-1EF4F7C94255}.Release|x64.Build.0 = Release|Any CPU
		{C73C68D2-AD38-44F9-AA1C-1EF4F7C94255}.Release|x86.ActiveCfg = Release|Any CPU
		{C73C68D2-AD38-44F9-AA1C-1EF4F7C94255}.Release|x86.Build.0 = Release|Any CPU
		{0137432B-A644-4CE1-9C06-44B790CD353B}.Debug|Any CPU.ActiveCfg = Debug|Any CPU
		{0137432B-A644-4CE1-9C06-44B790CD353B}.Debug|Any CPU.Build.0 = Debug|Any CPU
		{0137432B-A644-4CE1-9C06-44B790CD353B}.Debug|x64.ActiveCfg = Debug|Any CPU
		{0137432B-A644-4CE1-9C06-44B790CD353B}.Debug|x64.Build.0 = Debug|Any CPU
		{0137432B-A644-4CE1-9C06-44B790CD353B}.Debug|x86.ActiveCfg = Debug|Any CPU
		{0137432B-A644-4CE1-9C06-44B790CD353B}.Debug|x86.Build.0 = Debug|Any CPU
		{0137432B-A644-4CE1-9C06-44B790CD353B}.Release|Any CPU.ActiveCfg = Release|Any CPU
		{0137432B-A644-4CE1-9C06-44B790CD353B}.Release|Any CPU.Build.0 = Release|Any CPU
		{0137432B-A644-4CE1-9C06-44B790CD353B}.Release|x64.ActiveCfg = Release|Any CPU
		{0137432B-A644-4CE1-9C06-44B790CD353B}.Release|x64.Build.0 = Release|Any CPU
		{0137432B-A644-4CE1-9C06-44B790CD353B}.Release|x86.ActiveCfg = Release|Any CPU
		{0137432B-A644-4CE1-9C06-44B790CD353B}.Release|x86.Build.0 = Release|Any CPU
		{BE109B3D-4132-4E8A-A0E4-30EE8B6B15CF}.Debug|Any CPU.ActiveCfg = Debug|Any CPU
		{BE109B3D-4132-4E8A-A0E4-30EE8B6B15CF}.Debug|Any CPU.Build.0 = Debug|Any CPU
		{BE109B3D-4132-4E8A-A0E4-30EE8B6B15CF}.Debug|x64.ActiveCfg = Debug|Any CPU
		{BE109B3D-4132-4E8A-A0E4-30EE8B6B15CF}.Debug|x64.Build.0 = Debug|Any CPU
		{BE109B3D-4132-4E8A-A0E4-30EE8B6B15CF}.Debug|x86.ActiveCfg = Debug|Any CPU
		{BE109B3D-4132-4E8A-A0E4-30EE8B6B15CF}.Debug|x86.Build.0 = Debug|Any CPU
		{BE109B3D-4132-4E8A-A0E4-30EE8B6B15CF}.Release|Any CPU.ActiveCfg = Release|Any CPU
		{BE109B3D-4132-4E8A-A0E4-30EE8B6B15CF}.Release|Any CPU.Build.0 = Release|Any CPU
		{BE109B3D-4132-4E8A-A0E4-30EE8B6B15CF}.Release|x64.ActiveCfg = Release|Any CPU
		{BE109B3D-4132-4E8A-A0E4-30EE8B6B15CF}.Release|x64.Build.0 = Release|Any CPU
		{BE109B3D-4132-4E8A-A0E4-30EE8B6B15CF}.Release|x86.ActiveCfg = Release|Any CPU
		{BE109B3D-4132-4E8A-A0E4-30EE8B6B15CF}.Release|x86.Build.0 = Release|Any CPU
	EndGlobalSection
	GlobalSection(SolutionProperties) = preSolution
		HideSolutionNode = FALSE
	EndGlobalSection
	GlobalSection(NestedProjects) = preSolution
		{EB8ADAF7-A901-46D9-8226-6925A45B0BE5} = {C5B303DF-87DB-4835-AED9-9CACF543A0F4}
		{34DDF258-9F3F-4FDA-B887-BA1B3586284A} = {C5B303DF-87DB-4835-AED9-9CACF543A0F4}
		{0EF5577B-56FE-4245-A52E-233C4D45D397} = {C5B303DF-87DB-4835-AED9-9CACF543A0F4}
		{0692EE18-FF68-4DE3-97FC-A63640D7D0D5} = {C5B303DF-87DB-4835-AED9-9CACF543A0F4}
		{C73C68D2-AD38-44F9-AA1C-1EF4F7C94255} = {C5B303DF-87DB-4835-AED9-9CACF543A0F4}
		{0137432B-A644-4CE1-9C06-44B790CD353B} = {C5B303DF-87DB-4835-AED9-9CACF543A0F4}
		{BE109B3D-4132-4E8A-A0E4-30EE8B6B15CF} = {C5B303DF-87DB-4835-AED9-9CACF543A0F4}
	EndGlobalSection
EndGlobal
